
Microsoft Visual Studio Solution File, Format Version 12.00
# Visual Studio 15
VisualStudioVersion = 15.0.28307.1525
MinimumVisualStudioVersion = 10.0.40219.1
Project("{FAE04EC0-301F-11D3-BF4B-00C04F79EFBC}") = "HolaMundo", "HolaMundo\HolaMundo.csproj", "{170D20B7-84CF-497B-9711-38A9F775D230}"
EndProject
Global
	GlobalSection(SolutionConfigurationPlatforms) = preSolution
		Debug|Any CPU = Debug|Any CPU
		Release|Any CPU = Release|Any CPU
	EndGlobalSection
	GlobalSection(ProjectConfigurationPlatforms) = postSolution
		{170D20B7-84CF-497B-9711-38A9F775D230}.Debug|Any CPU.ActiveCfg = Debug|Any CPU
		{170D20B7-84CF-497B-9711-38A9F775D230}.Debug|Any CPU.Build.0 = Debug|Any CPU
		{170D20B7-84CF-497B-9711-38A9F775D230}.Release|Any CPU.ActiveCfg = Release|Any CPU
		{170D20B7-84CF-497B-9711-38A9F775D230}.Release|Any CPU.Build.0 = Release|Any CPU
	EndGlobalSection
	GlobalSection(SolutionProperties) = preSolution
		HideSolutionNode = FALSE
	EndGlobalSection
	GlobalSection(ExtensibilityGlobals) = postSolution
		SolutionGuid = {18AE03C9-CEF1-4012-BE63-79D28098A33B}
	EndGlobalSection
EndGlobal
